
Microsoft Visual Studio Solution File, Format Version 12.00
# Visual Studio Version 17
VisualStudioVersion = 17.11.35303.130
MinimumVisualStudioVersion = 10.0.40219.1
Project("{FAE04EC0-301F-11D3-BF4B-00C04F79EFBC}") = "BarberApplication", "BarberApplication.csproj", "{FFF4E6D8-BBD7-4809-89E4-32651D41FC97}"
EndProject
Global
	GlobalSection(SolutionConfigurationPlatforms) = preSolution
		Debug|Any CPU = Debug|Any CPU
		Release|Any CPU = Release|Any CPU
	EndGlobalSection
	GlobalSection(ProjectConfigurationPlatforms) = postSolution
		{FFF4E6D8-BBD7-4809-89E4-32651D41FC97}.Debug|Any CPU.ActiveCfg = Debug|Any CPU
		{FFF4E6D8-BBD7-4809-89E4-32651D41FC97}.Debug|Any CPU.Build.0 = Debug|Any CPU
		{FFF4E6D8-BBD7-4809-89E4-32651D41FC97}.Release|Any CPU.ActiveCfg = Release|Any CPU
		{FFF4E6D8-BBD7-4809-89E4-32651D41FC97}.Release|Any CPU.Build.0 = Release|Any CPU
	EndGlobalSection
	GlobalSection(SolutionProperties) = preSolution
		HideSolutionNode = FALSE
	EndGlobalSection
	GlobalSection(ExtensibilityGlobals) = postSolution
		SolutionGuid = {B2F8A9C5-63E7-4FAF-91EE-5DF860B9DBDC}
	EndGlobalSection
EndGlobal
